
Microsoft Visual Studio Solution File, Format Version 12.00
# Visual Studio 2012
Project("{2150E333-8FDC-42A3-9474-1A3956D46DE8}") = "Solution Items", "Solution Items", "{E523F000-F089-49DC-AF87-C6FE6A5F7C8F}"
	ProjectSection(SolutionItems) = preProject
		Local.testrunconfig = Local.testrunconfig
		Local.testsettings = Local.testsettings
		Soe.vsmdi = Soe.vsmdi
		TraceAndTestImpact.testsettings = TraceAndTestImpact.testsettings
	EndProjectSection
EndProject
Project("{FAE04EC0-301F-11D3-BF4B-00C04F79EFBC}") = "Soe.Data", "Soe.Data\Soe.Data.csproj", "{AAFBB9F1-A726-4D50-BEEE-ADE46D1F98CE}"
EndProject
Project("{FAE04EC0-301F-11D3-BF4B-00C04F79EFBC}") = "Soe.Util", "Soe.Util\Soe.Util.csproj", "{C6A383FD-CD0C-4745-820C-9478CDF16C61}"
EndProject
Project("{FAE04EC0-301F-11D3-BF4B-00C04F79EFBC}") = "Soe.Business", "Soe.Business\Soe.Business.csproj", "{FC32BADF-A856-4F04-AA75-E9C5B949DCD8}"
EndProject
Project("{FAE04EC0-301F-11D3-BF4B-00C04F79EFBC}") = "Soe.WebTimeStamp", "Soe.WebTimeStamp\Soe.WebTimeStamp.csproj", "{42575499-D9BB-46C6-9FFD-E3FFFAA9F5A1}"
EndProject
Project("{FAE04EC0-301F-11D3-BF4B-00C04F79EFBC}") = "Soe.Web.UI", "Soe.Web.UI.WebControls\Soe.Web.UI.csproj", "{9FAFD837-4649-45F7-8212-DAE67F18B550}"
EndProject
Project("{FAE04EC0-301F-11D3-BF4B-00C04F79EFBC}") = "Soe.CommonVS2013", "Soe.Common\Soe.CommonVS2013.csproj", "{3AA7CD44-00E5-4BAB-BDBB-52251ACEFCCE}"
EndProject
Global
	GlobalSection(TeamFoundationVersionControl) = preSolution
		SccNumberOfProjects = 6
		SccEnterpriseProvider = {4CA58AB2-18FA-4F8D-95D4-32DDF27D184C}
		SccTeamFoundationServer = http://tfs:8080/tfs/softone
		SccProjectUniqueName0 = Soe.Util\\Soe.Util.csproj
		SccProjectName0 = Soe.Util
		SccAuxPath0 = http://tfs:8080/tfs/softone
		SccLocalPath0 = Soe.Util
		SccProvider0 = {4CA58AB2-18FA-4F8D-95D4-32DDF27D184C}
		SccProjectUniqueName1 = Soe.Data\\Soe.Data.csproj
		SccProjectName1 = Soe.Data
		SccAuxPath1 = http://tfs:8080/tfs/softone
		SccLocalPath1 = Soe.Data
		SccProvider1 = {4CA58AB2-18FA-4F8D-95D4-32DDF27D184C}
		SccProjectUniqueName2 = Soe.Business\\Soe.Business.csproj
		SccProjectName2 = Soe.Business
		SccAuxPath2 = http://tfs:8080/tfs/softone
		SccLocalPath2 = Soe.Business
		SccProvider2 = {4CA58AB2-18FA-4F8D-95D4-32DDF27D184C}
		SccProjectUniqueName3 = Soe.WebTimeStamp\\Soe.WebTimeStamp.csproj
		SccProjectName3 = Soe.WebTimeStamp
		SccAuxPath3 = http://tfs:8080/tfs/softone
		SccLocalPath3 = Soe.WebTimeStamp
		SccProvider3 = {4CA58AB2-18FA-4F8D-95D4-32DDF27D184C}
		SccProjectUniqueName4 = Soe.Web.UI.WebControls\\Soe.Web.UI.csproj
		SccProjectName4 = Soe.Web.UI.WebControls
		SccAuxPath4 = http://tfs:8080/tfs/softone
		SccLocalPath4 = Soe.Web.UI.WebControls
		SccProvider4 = {4CA58AB2-18FA-4F8D-95D4-32DDF27D184C}
		SccProjectUniqueName5 = Soe.Common\\Soe.CommonVS2013.csproj
		SccProjectName5 = Soe.Common
		SccAuxPath5 = http://tfs:8080/tfs/softone
		SccLocalPath5 = Soe.Common
		SccProvider5 = {4CA58AB2-18FA-4F8D-95D4-32DDF27D184C}
	EndGlobalSection
	GlobalSection(TestCaseManagementSettings) = postSolution
		CategoryFile = Soe.vsmdi
	EndGlobalSection
	GlobalSection(SolutionConfigurationPlatforms) = preSolution
		Debug|Any CPU = Debug|Any CPU
		Debug|x86 = Debug|x86
		Release|Any CPU = Release|Any CPU
		Release|x86 = Release|x86
	EndGlobalSection
	GlobalSection(ProjectConfigurationPlatforms) = postSolution
		{AAFBB9F1-A726-4D50-BEEE-ADE46D1F98CE}.Debug|Any CPU.ActiveCfg = Debug|Any CPU
		{AAFBB9F1-A726-4D50-BEEE-ADE46D1F98CE}.Debug|Any CPU.Build.0 = Debug|Any CPU
		{AAFBB9F1-A726-4D50-BEEE-ADE46D1F98CE}.Debug|x86.ActiveCfg = Debug|Any CPU
		{AAFBB9F1-A726-4D50-BEEE-ADE46D1F98CE}.Release|Any CPU.ActiveCfg = Release|Any CPU
		{AAFBB9F1-A726-4D50-BEEE-ADE46D1F98CE}.Release|Any CPU.Build.0 = Release|Any CPU
		{AAFBB9F1-A726-4D50-BEEE-ADE46D1F98CE}.Release|x86.ActiveCfg = Release|Any CPU
		{C6A383FD-CD0C-4745-820C-9478CDF16C61}.Debug|Any CPU.ActiveCfg = Debug|Any CPU
		{C6A383FD-CD0C-4745-820C-9478CDF16C61}.Debug|Any CPU.Build.0 = Debug|Any CPU
		{C6A383FD-CD0C-4745-820C-9478CDF16C61}.Debug|x86.ActiveCfg = Debug|Any CPU
		{C6A383FD-CD0C-4745-820C-9478CDF16C61}.Release|Any CPU.ActiveCfg = Release|Any CPU
		{C6A383FD-CD0C-4745-820C-9478CDF16C61}.Release|Any CPU.Build.0 = Release|Any CPU
		{C6A383FD-CD0C-4745-820C-9478CDF16C61}.Release|x86.ActiveCfg = Release|Any CPU
		{FC32BADF-A856-4F04-AA75-E9C5B949DCD8}.Debug|Any CPU.ActiveCfg = Debug|Any CPU
		{FC32BADF-A856-4F04-AA75-E9C5B949DCD8}.Debug|Any CPU.Build.0 = Debug|Any CPU
		{FC32BADF-A856-4F04-AA75-E9C5B949DCD8}.Debug|x86.ActiveCfg = Debug|Any CPU
		{FC32BADF-A856-4F04-AA75-E9C5B949DCD8}.Release|Any CPU.ActiveCfg = Release|Any CPU
		{FC32BADF-A856-4F04-AA75-E9C5B949DCD8}.Release|Any CPU.Build.0 = Release|Any CPU
		{FC32BADF-A856-4F04-AA75-E9C5B949DCD8}.Release|x86.ActiveCfg = Release|Any CPU
		{42575499-D9BB-46C6-9FFD-E3FFFAA9F5A1}.Debug|Any CPU.ActiveCfg = Debug|Any CPU
		{42575499-D9BB-46C6-9FFD-E3FFFAA9F5A1}.Debug|Any CPU.Build.0 = Debug|Any CPU
		{42575499-D9BB-46C6-9FFD-E3FFFAA9F5A1}.Debug|x86.ActiveCfg = Debug|Any CPU
		{42575499-D9BB-46C6-9FFD-E3FFFAA9F5A1}.Release|Any CPU.ActiveCfg = Release|Any CPU
		{42575499-D9BB-46C6-9FFD-E3FFFAA9F5A1}.Release|Any CPU.Build.0 = Release|Any CPU
		{42575499-D9BB-46C6-9FFD-E3FFFAA9F5A1}.Release|x86.ActiveCfg = Release|Any CPU
		{9FAFD837-4649-45F7-8212-DAE67F18B550}.Debug|Any CPU.ActiveCfg = Debug|Any CPU
		{9FAFD837-4649-45F7-8212-DAE67F18B550}.Debug|Any CPU.Build.0 = Debug|Any CPU
		{9FAFD837-4649-45F7-8212-DAE67F18B550}.Debug|x86.ActiveCfg = Debug|Any CPU
		{9FAFD837-4649-45F7-8212-DAE67F18B550}.Release|Any CPU.ActiveCfg = Release|Any CPU
		{9FAFD837-4649-45F7-8212-DAE67F18B550}.Release|Any CPU.Build.0 = Release|Any CPU
		{9FAFD837-4649-45F7-8212-DAE67F18B550}.Release|x86.ActiveCfg = Release|Any CPU
		{3AA7CD44-00E5-4BAB-BDBB-52251ACEFCCE}.Debug|Any CPU.ActiveCfg = Debug|Any CPU
		{3AA7CD44-00E5-4BAB-BDBB-52251ACEFCCE}.Debug|Any CPU.Build.0 = Debug|Any CPU
		{3AA7CD44-00E5-4BAB-BDBB-52251ACEFCCE}.Debug|x86.ActiveCfg = Debug|Any CPU
		{3AA7CD44-00E5-4BAB-BDBB-52251ACEFCCE}.Release|Any CPU.ActiveCfg = Release|Any CPU
		{3AA7CD44-00E5-4BAB-BDBB-52251ACEFCCE}.Release|Any CPU.Build.0 = Release|Any CPU
		{3AA7CD44-00E5-4BAB-BDBB-52251ACEFCCE}.Release|x86.ActiveCfg = Release|Any CPU
	EndGlobalSection
	GlobalSection(SolutionProperties) = preSolution
		HideSolutionNode = FALSE
	EndGlobalSection
EndGlobal
