
Microsoft Visual Studio Solution File, Format Version 11.00
# Visual Studio 2010
Project("{2150E333-8FDC-42A3-9474-1A3956D46DE8}") = "Solution Items", "Solution Items", "{E523F000-F089-49DC-AF87-C6FE6A5F7C8F}"
	ProjectSection(SolutionItems) = preProject
		Local.testrunconfig = Local.testrunconfig
		Local.testsettings = Local.testsettings
		Soe.vsmdi = Soe.vsmdi
		TraceAndTestImpact.testsettings = TraceAndTestImpact.testsettings
	EndProjectSection
EndProject
Project("{FAE04EC0-301F-11D3-BF4B-00C04F79EFBC}") = "Soe.Web", "Soe.Web\Soe.Web.csproj", "{4E57DA3F-FFE5-4F1F-88BC-AD27D55FC726}"
EndProject
Project("{FAE04EC0-301F-11D3-BF4B-00C04F79EFBC}") = "Soe.Data", "Soe.Data\Soe.Data.csproj", "{AAFBB9F1-A726-4D50-BEEE-ADE46D1F98CE}"
EndProject
Project("{FAE04EC0-301F-11D3-BF4B-00C04F79EFBC}") = "Soe.Util", "Soe.Util\Soe.Util.csproj", "{C6A383FD-CD0C-4745-820C-9478CDF16C61}"
EndProject
Project("{FAE04EC0-301F-11D3-BF4B-00C04F79EFBC}") = "Soe.Web.UI", "Soe.Web.UI.WebControls\Soe.Web.UI.csproj", "{9FAFD837-4649-45F7-8212-DAE67F18B550}"
EndProject
Project("{FAE04EC0-301F-11D3-BF4B-00C04F79EFBC}") = "Soe.Silverlight", "Soe.Silverlight\Soe.Silverlight.csproj", "{6DA5C0A1-C6CB-4F0E-82B4-7BD7339FD49C}"
EndProject
Project("{FAE04EC0-301F-11D3-BF4B-00C04F79EFBC}") = "Soe.Business", "Soe.Business\Soe.Business.csproj", "{FC32BADF-A856-4F04-AA75-E9C5B949DCD8}"
EndProject
Project("{FAE04EC0-301F-11D3-BF4B-00C04F79EFBC}") = "Soe.Silverlight.Tests", "Soe.Silverlight.Test\Soe.Silverlight.Tests.csproj", "{5822F1A8-AC37-4E58-A037-32097BF049EE}"
EndProject
Project("{FAE04EC0-301F-11D3-BF4B-00C04F79EFBC}") = "Soe.WebServices.External", "Soe.WebServices.External\Soe.WebServices.External.csproj", "{BCAAC921-B991-4484-BF43-80EFA8204453}"
EndProject
Project("{FAE04EC0-301F-11D3-BF4B-00C04F79EFBC}") = "Soe.Business.Test", "Soe.Business.Test\Soe.Business.Test.csproj", "{377CF51B-3510-45A5-97FD-71D03EAD4965}"
EndProject
Project("{FAE04EC0-301F-11D3-BF4B-00C04F79EFBC}") = "Soe.Common", "Soe.Common\Soe.Common.csproj", "{3AA7CD44-00E5-4BAB-BDBB-52251ACEFCCE}"
EndProject
Global
	GlobalSection(TeamFoundationVersionControl) = preSolution
		SccNumberOfProjects = 10
		SccEnterpriseProvider = {4CA58AB2-18FA-4F8D-95D4-32DDF27D184C}
		SccTeamFoundationServer = http://utv:8080/tfs/softone
		SccProjectUniqueName0 = Soe.Web\\Soe.Web.csproj
		SccProjectName0 = Soe.Web
		SccAuxPath0 = http://utv:8080/tfs/softone
		SccLocalPath0 = Soe.Web
		SccProvider0 = {4CA58AB2-18FA-4F8D-95D4-32DDF27D184C}
		SccProjectUniqueName1 = Soe.Data\\Soe.Data.csproj
		SccProjectName1 = Soe.Data
		SccAuxPath1 = http://utv:8080/tfs/softone
		SccLocalPath1 = Soe.Data
		SccProvider1 = {4CA58AB2-18FA-4F8D-95D4-32DDF27D184C}
		SccProjectUniqueName2 = Soe.Util\\Soe.Util.csproj
		SccProjectName2 = Soe.Util
		SccAuxPath2 = http://utv:8080/tfs/softone
		SccLocalPath2 = Soe.Util
		SccProvider2 = {4CA58AB2-18FA-4F8D-95D4-32DDF27D184C}
		SccProjectUniqueName3 = Soe.Web.UI.WebControls\\Soe.Web.UI.csproj
		SccProjectName3 = Soe.Web.UI.WebControls
		SccAuxPath3 = http://utv:8080/tfs/softone
		SccLocalPath3 = Soe.Web.UI.WebControls
		SccProvider3 = {4CA58AB2-18FA-4F8D-95D4-32DDF27D184C}
		SccProjectUniqueName4 = Soe.Silverlight\\Soe.Silverlight.csproj
		SccProjectName4 = Soe.Silverlight
		SccAuxPath4 = http://utv:8080/tfs/softone
		SccLocalPath4 = Soe.Silverlight
		SccProvider4 = {4CA58AB2-18FA-4F8D-95D4-32DDF27D184C}
		SccProjectUniqueName5 = Soe.Business\\Soe.Business.csproj
		SccProjectName5 = Soe.Business
		SccAuxPath5 = http://utv:8080/tfs/softone
		SccLocalPath5 = Soe.Business
		SccProvider5 = {4CA58AB2-18FA-4F8D-95D4-32DDF27D184C}
		SccProjectUniqueName6 = Soe.Silverlight.Test\\Soe.Silverlight.Tests.csproj
		SccProjectName6 = Soe.Silverlight.Test
		SccAuxPath6 = http://utv:8080/tfs/softone
		SccLocalPath6 = Soe.Silverlight.Test
		SccProvider6 = {4CA58AB2-18FA-4F8D-95D4-32DDF27D184C}
		SccProjectUniqueName7 = Soe.WebServices.External\\Soe.WebServices.External.csproj
		SccProjectName7 = Soe.WebServices.External
		SccAuxPath7 = http://utv:8080/tfs/softone
		SccLocalPath7 = Soe.WebServices.External
		SccProvider7 = {4CA58AB2-18FA-4F8D-95D4-32DDF27D184C}
		SccProjectUniqueName8 = Soe.Business.Test\\Soe.Business.Test.csproj
		SccProjectName8 = Soe.Business.Test
		SccAuxPath8 = http://utv:8080/tfs/softone
		SccLocalPath8 = Soe.Business.Test
		SccProvider8 = {4CA58AB2-18FA-4F8D-95D4-32DDF27D184C}
		SccProjectUniqueName9 = Soe.Common\\Soe.Common.csproj
		SccProjectName9 = Soe.Common
		SccAuxPath9 = http://utv:8080/tfs/softone
		SccLocalPath9 = Soe.Common
		SccProvider9 = {4CA58AB2-18FA-4F8D-95D4-32DDF27D184C}
	EndGlobalSection
	GlobalSection(TestCaseManagementSettings) = postSolution
		CategoryFile = Soe.vsmdi
	EndGlobalSection
	GlobalSection(SolutionConfigurationPlatforms) = preSolution
		Debug|Any CPU = Debug|Any CPU
		Debug|x86 = Debug|x86
		Release|Any CPU = Release|Any CPU
		Release|x86 = Release|x86
	EndGlobalSection
	GlobalSection(ProjectConfigurationPlatforms) = postSolution
		{4E57DA3F-FFE5-4F1F-88BC-AD27D55FC726}.Debug|Any CPU.ActiveCfg = Debug|Any CPU
		{4E57DA3F-FFE5-4F1F-88BC-AD27D55FC726}.Debug|Any CPU.Build.0 = Debug|Any CPU
		{4E57DA3F-FFE5-4F1F-88BC-AD27D55FC726}.Debug|x86.ActiveCfg = Debug|Any CPU
		{4E57DA3F-FFE5-4F1F-88BC-AD27D55FC726}.Release|Any CPU.ActiveCfg = Release|Any CPU
		{4E57DA3F-FFE5-4F1F-88BC-AD27D55FC726}.Release|Any CPU.Build.0 = Release|Any CPU
		{4E57DA3F-FFE5-4F1F-88BC-AD27D55FC726}.Release|x86.ActiveCfg = Release|Any CPU
		{AAFBB9F1-A726-4D50-BEEE-ADE46D1F98CE}.Debug|Any CPU.ActiveCfg = Debug|Any CPU
		{AAFBB9F1-A726-4D50-BEEE-ADE46D1F98CE}.Debug|Any CPU.Build.0 = Debug|Any CPU
		{AAFBB9F1-A726-4D50-BEEE-ADE46D1F98CE}.Debug|x86.ActiveCfg = Debug|Any CPU
		{AAFBB9F1-A726-4D50-BEEE-ADE46D1F98CE}.Release|Any CPU.ActiveCfg = Release|Any CPU
		{AAFBB9F1-A726-4D50-BEEE-ADE46D1F98CE}.Release|Any CPU.Build.0 = Release|Any CPU
		{AAFBB9F1-A726-4D50-BEEE-ADE46D1F98CE}.Release|x86.ActiveCfg = Release|Any CPU
		{C6A383FD-CD0C-4745-820C-9478CDF16C61}.Debug|Any CPU.ActiveCfg = Debug|Any CPU
		{C6A383FD-CD0C-4745-820C-9478CDF16C61}.Debug|Any CPU.Build.0 = Debug|Any CPU
		{C6A383FD-CD0C-4745-820C-9478CDF16C61}.Debug|x86.ActiveCfg = Debug|Any CPU
		{C6A383FD-CD0C-4745-820C-9478CDF16C61}.Release|Any CPU.ActiveCfg = Release|Any CPU
		{C6A383FD-CD0C-4745-820C-9478CDF16C61}.Release|Any CPU.Build.0 = Release|Any CPU
		{C6A383FD-CD0C-4745-820C-9478CDF16C61}.Release|x86.ActiveCfg = Release|Any CPU
		{9FAFD837-4649-45F7-8212-DAE67F18B550}.Debug|Any CPU.ActiveCfg = Debug|Any CPU
		{9FAFD837-4649-45F7-8212-DAE67F18B550}.Debug|Any CPU.Build.0 = Debug|Any CPU
		{9FAFD837-4649-45F7-8212-DAE67F18B550}.Debug|x86.ActiveCfg = Debug|Any CPU
		{9FAFD837-4649-45F7-8212-DAE67F18B550}.Release|Any CPU.ActiveCfg = Release|Any CPU
		{9FAFD837-4649-45F7-8212-DAE67F18B550}.Release|Any CPU.Build.0 = Release|Any CPU
		{9FAFD837-4649-45F7-8212-DAE67F18B550}.Release|x86.ActiveCfg = Release|Any CPU
		{6DA5C0A1-C6CB-4F0E-82B4-7BD7339FD49C}.Debug|Any CPU.ActiveCfg = Debug|Any CPU
		{6DA5C0A1-C6CB-4F0E-82B4-7BD7339FD49C}.Debug|Any CPU.Build.0 = Debug|Any CPU
		{6DA5C0A1-C6CB-4F0E-82B4-7BD7339FD49C}.Debug|x86.ActiveCfg = Debug|Any CPU
		{6DA5C0A1-C6CB-4F0E-82B4-7BD7339FD49C}.Release|Any CPU.ActiveCfg = Release|Any CPU
		{6DA5C0A1-C6CB-4F0E-82B4-7BD7339FD49C}.Release|Any CPU.Build.0 = Release|Any CPU
		{6DA5C0A1-C6CB-4F0E-82B4-7BD7339FD49C}.Release|x86.ActiveCfg = Release|Any CPU
		{FC32BADF-A856-4F04-AA75-E9C5B949DCD8}.Debug|Any CPU.ActiveCfg = Debug|Any CPU
		{FC32BADF-A856-4F04-AA75-E9C5B949DCD8}.Debug|Any CPU.Build.0 = Debug|Any CPU
		{FC32BADF-A856-4F04-AA75-E9C5B949DCD8}.Debug|x86.ActiveCfg = Debug|Any CPU
		{FC32BADF-A856-4F04-AA75-E9C5B949DCD8}.Release|Any CPU.ActiveCfg = Release|Any CPU
		{FC32BADF-A856-4F04-AA75-E9C5B949DCD8}.Release|Any CPU.Build.0 = Release|Any CPU
		{FC32BADF-A856-4F04-AA75-E9C5B949DCD8}.Release|x86.ActiveCfg = Release|Any CPU
		{5822F1A8-AC37-4E58-A037-32097BF049EE}.Debug|Any CPU.ActiveCfg = Debug|Any CPU
		{5822F1A8-AC37-4E58-A037-32097BF049EE}.Debug|x86.ActiveCfg = Debug|Any CPU
		{5822F1A8-AC37-4E58-A037-32097BF049EE}.Release|Any CPU.ActiveCfg = Release|Any CPU
		{5822F1A8-AC37-4E58-A037-32097BF049EE}.Release|Any CPU.Build.0 = Release|Any CPU
		{5822F1A8-AC37-4E58-A037-32097BF049EE}.Release|x86.ActiveCfg = Release|Any CPU
		{BCAAC921-B991-4484-BF43-80EFA8204453}.Debug|Any CPU.ActiveCfg = Debug|Any CPU
		{BCAAC921-B991-4484-BF43-80EFA8204453}.Debug|Any CPU.Build.0 = Debug|Any CPU
		{BCAAC921-B991-4484-BF43-80EFA8204453}.Debug|x86.ActiveCfg = Debug|Any CPU
		{BCAAC921-B991-4484-BF43-80EFA8204453}.Release|Any CPU.ActiveCfg = Release|Any CPU
		{BCAAC921-B991-4484-BF43-80EFA8204453}.Release|Any CPU.Build.0 = Release|Any CPU
		{BCAAC921-B991-4484-BF43-80EFA8204453}.Release|x86.ActiveCfg = Release|Any CPU
		{377CF51B-3510-45A5-97FD-71D03EAD4965}.Debug|Any CPU.ActiveCfg = Debug|Any CPU
		{377CF51B-3510-45A5-97FD-71D03EAD4965}.Debug|Any CPU.Build.0 = Debug|Any CPU
		{377CF51B-3510-45A5-97FD-71D03EAD4965}.Debug|x86.ActiveCfg = Debug|Any CPU
		{377CF51B-3510-45A5-97FD-71D03EAD4965}.Release|Any CPU.ActiveCfg = Release|Any CPU
		{377CF51B-3510-45A5-97FD-71D03EAD4965}.Release|Any CPU.Build.0 = Release|Any CPU
		{377CF51B-3510-45A5-97FD-71D03EAD4965}.Release|x86.ActiveCfg = Release|Any CPU
		{3AA7CD44-00E5-4BAB-BDBB-52251ACEFCCE}.Debug|Any CPU.ActiveCfg = Debug|Any CPU
		{3AA7CD44-00E5-4BAB-BDBB-52251ACEFCCE}.Debug|Any CPU.Build.0 = Debug|Any CPU
		{3AA7CD44-00E5-4BAB-BDBB-52251ACEFCCE}.Debug|x86.ActiveCfg = Debug|Any CPU
		{3AA7CD44-00E5-4BAB-BDBB-52251ACEFCCE}.Release|Any CPU.ActiveCfg = Release|Any CPU
		{3AA7CD44-00E5-4BAB-BDBB-52251ACEFCCE}.Release|Any CPU.Build.0 = Release|Any CPU
		{3AA7CD44-00E5-4BAB-BDBB-52251ACEFCCE}.Release|x86.ActiveCfg = Release|Any CPU
	EndGlobalSection
	GlobalSection(SolutionProperties) = preSolution
		HideSolutionNode = FALSE
	EndGlobalSection
EndGlobal
