
Microsoft Visual Studio Solution File, Format Version 12.00
# Visual Studio 2013
VisualStudioVersion = 12.0.21005.1
MinimumVisualStudioVersion = 10.0.40219.1
Project("{2150E333-8FDC-42A3-9474-1A3956D46DE8}") = "Solution Items", "Solution Items", "{E523F000-F089-49DC-AF87-C6FE6A5F7C8F}"
	ProjectSection(SolutionItems) = preProject
		Local.testrunconfig = Local.testrunconfig
		Local.testsettings = Local.testsettings
		Soe.vsmdi = Soe.vsmdi
		TraceAndTestImpact.testsettings = TraceAndTestImpact.testsettings
	EndProjectSection
EndProject
Project("{FAE04EC0-301F-11D3-BF4B-00C04F79EFBC}") = "Soe.Data", "Soe.Data\Soe.Data.csproj", "{AAFBB9F1-A726-4D50-BEEE-ADE46D1F98CE}"
EndProject
Project("{FAE04EC0-301F-11D3-BF4B-00C04F79EFBC}") = "Soe.Util", "Soe.Util\Soe.Util.csproj", "{C6A383FD-CD0C-4745-820C-9478CDF16C61}"
EndProject
Project("{FAE04EC0-301F-11D3-BF4B-00C04F79EFBC}") = "Soe.Services", "Soe.Services\Soe.Services.csproj", "{EDB13004-40FC-4052-9CF8-CA5C6C550D39}"
EndProject
Project("{FAE04EC0-301F-11D3-BF4B-00C04F79EFBC}") = "Soe.Business", "Soe.Business\Soe.Business.csproj", "{FC32BADF-A856-4F04-AA75-E9C5B949DCD8}"
EndProject
Project("{FAE04EC0-301F-11D3-BF4B-00C04F79EFBC}") = "Soe.Scheduler", "Soe.Scheduler\Soe.Scheduler.csproj", "{F007A1EE-6C4C-48B2-ADEE-3BDFD39C86D7}"
	ProjectSection(ProjectDependencies) = postProject
		{FC32BADF-A856-4F04-AA75-E9C5B949DCD8} = {FC32BADF-A856-4F04-AA75-E9C5B949DCD8}
	EndProjectSection
EndProject
Project("{FAE04EC0-301F-11D3-BF4B-00C04F79EFBC}") = "Soe.ScheduledJobs", "Soe.ScheduledJobs\Soe.ScheduledJobs.csproj", "{39F31000-3A2C-412A-8E15-B012E1167AC1}"
EndProject
Project("{FAE04EC0-301F-11D3-BF4B-00C04F79EFBC}") = "WT.ScheduledJobs", "WT.ScheduledJobs\WT.ScheduledJobs.csproj", "{56B4E6D8-A715-4404-AB05-8D81DBDD8D9A}"
EndProject
Project("{FAE04EC0-301F-11D3-BF4B-00C04F79EFBC}") = "Soe.Business.Test", "Soe.Business.Test\Soe.Business.Test.csproj", "{377CF51B-3510-45A5-97FD-71D03EAD4965}"
EndProject
Project("{FAE04EC0-301F-11D3-BF4B-00C04F79EFBC}") = "Soe.Web.UI", "Soe.Web.UI.WebControls\Soe.Web.UI.csproj", "{9FAFD837-4649-45F7-8212-DAE67F18B550}"
EndProject
Project("{FAE04EC0-301F-11D3-BF4B-00C04F79EFBC}") = "Soe.Common", "Soe.Common\Soe.Common.csproj", "{3AA7CD44-00E5-4BAB-BDBB-52251ACEFCCE}"
EndProject
Project("{FAE04EC0-301F-11D3-BF4B-00C04F79EFBC}") = "EdiAdmin.Business", "EDIAdmin.Business\EdiAdmin.Business.csproj", "{4137A7CD-0BCB-4A7A-A5B8-0161EA91DCCA}"
EndProject
Global
	GlobalSection(TeamFoundationVersionControl) = preSolution
		SccNumberOfProjects = 1
		SccEnterpriseProvider = {4CA58AB2-18FA-4F8D-95D4-32DDF27D184C}
		SccTeamFoundationServer = http://tfs:8080/tfs/softone
		SccProjectUniqueName0 = Soe.Web.UI.WebControls\\Soe.Web.UI.csproj
		SccProjectName0 = Soe.Web.UI.WebControls
		SccAuxPath0 = http://tfs:8080/tfs/softone
		SccLocalPath0 = Soe.Web.UI.WebControls
		SccProvider0 = {4CA58AB2-18FA-4F8D-95D4-32DDF27D184C}
	EndGlobalSection
	GlobalSection(SolutionConfigurationPlatforms) = preSolution
		Debug|Any CPU = Debug|Any CPU
		Debug|x86 = Debug|x86
		Release|Any CPU = Release|Any CPU
		Release|x86 = Release|x86
	EndGlobalSection
	GlobalSection(ProjectConfigurationPlatforms) = postSolution
		{AAFBB9F1-A726-4D50-BEEE-ADE46D1F98CE}.Debug|Any CPU.ActiveCfg = Debug|Any CPU
		{AAFBB9F1-A726-4D50-BEEE-ADE46D1F98CE}.Debug|Any CPU.Build.0 = Debug|Any CPU
		{AAFBB9F1-A726-4D50-BEEE-ADE46D1F98CE}.Debug|x86.ActiveCfg = Debug|Any CPU
		{AAFBB9F1-A726-4D50-BEEE-ADE46D1F98CE}.Release|Any CPU.ActiveCfg = Release|Any CPU
		{AAFBB9F1-A726-4D50-BEEE-ADE46D1F98CE}.Release|Any CPU.Build.0 = Release|Any CPU
		{AAFBB9F1-A726-4D50-BEEE-ADE46D1F98CE}.Release|x86.ActiveCfg = Release|Any CPU
		{C6A383FD-CD0C-4745-820C-9478CDF16C61}.Debug|Any CPU.ActiveCfg = Debug|Any CPU
		{C6A383FD-CD0C-4745-820C-9478CDF16C61}.Debug|Any CPU.Build.0 = Debug|Any CPU
		{C6A383FD-CD0C-4745-820C-9478CDF16C61}.Debug|x86.ActiveCfg = Debug|Any CPU
		{C6A383FD-CD0C-4745-820C-9478CDF16C61}.Release|Any CPU.ActiveCfg = Release|Any CPU
		{C6A383FD-CD0C-4745-820C-9478CDF16C61}.Release|Any CPU.Build.0 = Release|Any CPU
		{C6A383FD-CD0C-4745-820C-9478CDF16C61}.Release|x86.ActiveCfg = Release|Any CPU
		{EDB13004-40FC-4052-9CF8-CA5C6C550D39}.Debug|Any CPU.ActiveCfg = Debug|Any CPU
		{EDB13004-40FC-4052-9CF8-CA5C6C550D39}.Debug|Any CPU.Build.0 = Debug|Any CPU
		{EDB13004-40FC-4052-9CF8-CA5C6C550D39}.Debug|x86.ActiveCfg = Debug|Any CPU
		{EDB13004-40FC-4052-9CF8-CA5C6C550D39}.Release|Any CPU.ActiveCfg = Release|Any CPU
		{EDB13004-40FC-4052-9CF8-CA5C6C550D39}.Release|Any CPU.Build.0 = Release|Any CPU
		{EDB13004-40FC-4052-9CF8-CA5C6C550D39}.Release|x86.ActiveCfg = Release|Any CPU
		{FC32BADF-A856-4F04-AA75-E9C5B949DCD8}.Debug|Any CPU.ActiveCfg = Debug|Any CPU
		{FC32BADF-A856-4F04-AA75-E9C5B949DCD8}.Debug|Any CPU.Build.0 = Debug|Any CPU
		{FC32BADF-A856-4F04-AA75-E9C5B949DCD8}.Debug|x86.ActiveCfg = Debug|Any CPU
		{FC32BADF-A856-4F04-AA75-E9C5B949DCD8}.Release|Any CPU.ActiveCfg = Release|Any CPU
		{FC32BADF-A856-4F04-AA75-E9C5B949DCD8}.Release|Any CPU.Build.0 = Release|Any CPU
		{FC32BADF-A856-4F04-AA75-E9C5B949DCD8}.Release|x86.ActiveCfg = Release|Any CPU
		{F007A1EE-6C4C-48B2-ADEE-3BDFD39C86D7}.Debug|Any CPU.ActiveCfg = Debug|Any CPU
		{F007A1EE-6C4C-48B2-ADEE-3BDFD39C86D7}.Debug|Any CPU.Build.0 = Debug|Any CPU
		{F007A1EE-6C4C-48B2-ADEE-3BDFD39C86D7}.Debug|x86.ActiveCfg = Debug|Any CPU
		{F007A1EE-6C4C-48B2-ADEE-3BDFD39C86D7}.Release|Any CPU.ActiveCfg = Release|Any CPU
		{F007A1EE-6C4C-48B2-ADEE-3BDFD39C86D7}.Release|Any CPU.Build.0 = Release|Any CPU
		{F007A1EE-6C4C-48B2-ADEE-3BDFD39C86D7}.Release|x86.ActiveCfg = Release|Any CPU
		{39F31000-3A2C-412A-8E15-B012E1167AC1}.Debug|Any CPU.ActiveCfg = Debug|Any CPU
		{39F31000-3A2C-412A-8E15-B012E1167AC1}.Debug|Any CPU.Build.0 = Debug|Any CPU
		{39F31000-3A2C-412A-8E15-B012E1167AC1}.Debug|x86.ActiveCfg = Debug|Any CPU
		{39F31000-3A2C-412A-8E15-B012E1167AC1}.Release|Any CPU.ActiveCfg = Release|Any CPU
		{39F31000-3A2C-412A-8E15-B012E1167AC1}.Release|Any CPU.Build.0 = Release|Any CPU
		{39F31000-3A2C-412A-8E15-B012E1167AC1}.Release|x86.ActiveCfg = Release|Any CPU
		{56B4E6D8-A715-4404-AB05-8D81DBDD8D9A}.Debug|Any CPU.ActiveCfg = Debug|Any CPU
		{56B4E6D8-A715-4404-AB05-8D81DBDD8D9A}.Debug|Any CPU.Build.0 = Debug|Any CPU
		{56B4E6D8-A715-4404-AB05-8D81DBDD8D9A}.Debug|x86.ActiveCfg = Debug|Any CPU
		{56B4E6D8-A715-4404-AB05-8D81DBDD8D9A}.Release|Any CPU.ActiveCfg = Release|Any CPU
		{56B4E6D8-A715-4404-AB05-8D81DBDD8D9A}.Release|Any CPU.Build.0 = Release|Any CPU
		{56B4E6D8-A715-4404-AB05-8D81DBDD8D9A}.Release|x86.ActiveCfg = Release|Any CPU
		{377CF51B-3510-45A5-97FD-71D03EAD4965}.Debug|Any CPU.ActiveCfg = Debug|Any CPU
		{377CF51B-3510-45A5-97FD-71D03EAD4965}.Debug|Any CPU.Build.0 = Debug|Any CPU
		{377CF51B-3510-45A5-97FD-71D03EAD4965}.Debug|x86.ActiveCfg = Debug|Any CPU
		{377CF51B-3510-45A5-97FD-71D03EAD4965}.Release|Any CPU.ActiveCfg = Release|Any CPU
		{377CF51B-3510-45A5-97FD-71D03EAD4965}.Release|Any CPU.Build.0 = Release|Any CPU
		{377CF51B-3510-45A5-97FD-71D03EAD4965}.Release|x86.ActiveCfg = Release|Any CPU
		{9FAFD837-4649-45F7-8212-DAE67F18B550}.Debug|Any CPU.ActiveCfg = Debug|Any CPU
		{9FAFD837-4649-45F7-8212-DAE67F18B550}.Debug|Any CPU.Build.0 = Debug|Any CPU
		{9FAFD837-4649-45F7-8212-DAE67F18B550}.Debug|x86.ActiveCfg = Debug|Any CPU
		{9FAFD837-4649-45F7-8212-DAE67F18B550}.Release|Any CPU.ActiveCfg = Release|Any CPU
		{9FAFD837-4649-45F7-8212-DAE67F18B550}.Release|Any CPU.Build.0 = Release|Any CPU
		{9FAFD837-4649-45F7-8212-DAE67F18B550}.Release|x86.ActiveCfg = Release|Any CPU
		{3AA7CD44-00E5-4BAB-BDBB-52251ACEFCCE}.Debug|Any CPU.ActiveCfg = Debug|Any CPU
		{3AA7CD44-00E5-4BAB-BDBB-52251ACEFCCE}.Debug|Any CPU.Build.0 = Debug|Any CPU
		{3AA7CD44-00E5-4BAB-BDBB-52251ACEFCCE}.Debug|x86.ActiveCfg = Debug|Any CPU
		{3AA7CD44-00E5-4BAB-BDBB-52251ACEFCCE}.Release|Any CPU.ActiveCfg = Release|Any CPU
		{3AA7CD44-00E5-4BAB-BDBB-52251ACEFCCE}.Release|Any CPU.Build.0 = Release|Any CPU
		{3AA7CD44-00E5-4BAB-BDBB-52251ACEFCCE}.Release|x86.ActiveCfg = Release|Any CPU
		{4137A7CD-0BCB-4A7A-A5B8-0161EA91DCCA}.Debug|Any CPU.ActiveCfg = Debug|Any CPU
		{4137A7CD-0BCB-4A7A-A5B8-0161EA91DCCA}.Debug|Any CPU.Build.0 = Debug|Any CPU
		{4137A7CD-0BCB-4A7A-A5B8-0161EA91DCCA}.Debug|x86.ActiveCfg = Debug|x86
		{4137A7CD-0BCB-4A7A-A5B8-0161EA91DCCA}.Debug|x86.Build.0 = Debug|x86
		{4137A7CD-0BCB-4A7A-A5B8-0161EA91DCCA}.Release|Any CPU.ActiveCfg = Release|Any CPU
		{4137A7CD-0BCB-4A7A-A5B8-0161EA91DCCA}.Release|Any CPU.Build.0 = Release|Any CPU
		{4137A7CD-0BCB-4A7A-A5B8-0161EA91DCCA}.Release|x86.ActiveCfg = Release|x86
		{4137A7CD-0BCB-4A7A-A5B8-0161EA91DCCA}.Release|x86.Build.0 = Release|x86
	EndGlobalSection
	GlobalSection(SolutionProperties) = preSolution
		HideSolutionNode = FALSE
	EndGlobalSection
	GlobalSection(TestCaseManagementSettings) = postSolution
		CategoryFile = Soe.vsmdi
	EndGlobalSection
EndGlobal
