
Microsoft Visual Studio Solution File, Format Version 12.00
# Visual Studio Version 18
VisualStudioVersion = 18.0.11222.15
MinimumVisualStudioVersion = 10.0.40219.1
Project("{2150E333-8FDC-42A3-9474-1A3956D46DE8}") = "Solution Items", "Solution Items", "{E523F000-F089-49DC-AF87-C6FE6A5F7C8F}"
	ProjectSection(SolutionItems) = preProject
		.editorconfig = .editorconfig
		Documents\Softone Software devlopment guide.docx = Documents\Softone Software devlopment guide.docx
	EndProjectSection
EndProject
Project("{FAE04EC0-301F-11D3-BF4B-00C04F79EFBC}") = "Soe.Web", "Soe.Web\Soe.Web.csproj", "{4E57DA3F-FFE5-4F1F-88BC-AD27D55FC726}"
EndProject
Project("{FAE04EC0-301F-11D3-BF4B-00C04F79EFBC}") = "Soe.Data", "Soe.Data\Soe.Data.csproj", "{AAFBB9F1-A726-4D50-BEEE-ADE46D1F98CE}"
EndProject
Project("{FAE04EC0-301F-11D3-BF4B-00C04F79EFBC}") = "Soe.Util", "Soe.Util\Soe.Util.csproj", "{C6A383FD-CD0C-4745-820C-9478CDF16C61}"
EndProject
Project("{FAE04EC0-301F-11D3-BF4B-00C04F79EFBC}") = "Soe.Business", "Soe.Business\Soe.Business.csproj", "{FC32BADF-A856-4F04-AA75-E9C5B949DCD8}"
EndProject
Project("{FAE04EC0-301F-11D3-BF4B-00C04F79EFBC}") = "Soe.WebServices.External", "Soe.WebServices.External\Soe.WebServices.External.csproj", "{BCAAC921-B991-4484-BF43-80EFA8204453}"
EndProject
Project("{FAE04EC0-301F-11D3-BF4B-00C04F79EFBC}") = "Soe.Business.Test", "Soe.Business.Test\Soe.Business.Test.csproj", "{377CF51B-3510-45A5-97FD-71D03EAD4965}"
EndProject
Project("{FAE04EC0-301F-11D3-BF4B-00C04F79EFBC}") = "Soe.WebApi", "Soe.WebApi\Soe.WebApi.csproj", "{0D047C02-5674-4771-99FF-EBD3D3985C80}"
EndProject
Project("{FAE04EC0-301F-11D3-BF4B-00C04F79EFBC}") = "Soe.Angular", "Soe.Angular\Soe.Angular.csproj", "{A8762452-508A-407D-946A-3144F2DA2D92}"
EndProject
Project("{FAE04EC0-301F-11D3-BF4B-00C04F79EFBC}") = "Soe.WebApi.Internal", "Soe.WebApi.Internal\Soe.WebApi.Internal.csproj", "{8493A88E-C8B3-43F7-8A4E-20A3169C9065}"
EndProject
Project("{9A19103F-16F7-4668-BE54-9A1E7A4F7556}") = "Soe.Shared", "Soe.Shared\Soe.Shared.csproj", "{2E13E0A9-C3C1-40FB-856B-655E06549D7E}"
EndProject
Project("{9A19103F-16F7-4668-BE54-9A1E7A4F7556}") = "Soe.Common", "Soe.Common\Soe.Common.csproj", "{C82AAEFC-9763-4B3A-9E05-D51086468194}"
EndProject
Project("{FAE04EC0-301F-11D3-BF4B-00C04F79EFBC}") = "Soe.Business.Tests", "Soe.Business.Tests\Soe.Business.Tests.csproj", "{6826069A-7522-491C-8A74-8592FEB4C5B6}"
EndProject
Project("{2150E333-8FDC-42A3-9474-1A3956D46DE8}") = "Experimental", "Experimental", "{EA9AC2C0-93A4-4F71-B057-F679742F3C28}"
EndProject
Project("{2150E333-8FDC-42A3-9474-1A3956D46DE8}") = "Test", "Test", "{91E368CF-2F90-47F6-A1F1-962D1FE87A17}"
EndProject
Project("{9A19103F-16F7-4668-BE54-9A1E7A4F7556}") = "Soe.Angular.Spa", "Soe.Angular.Spa\Soe.Angular.Spa.csproj", "{5BFB5161-5073-4592-94F8-4C6C801A1EB7}"
EndProject
Project("{9A19103F-16F7-4668-BE54-9A1E7A4F7556}") = "Soe.Angular.E2E", "Soe.Angular.E2E\Soe.Angular.E2E.csproj", "{A7DC9CAE-41BD-4C6B-9DB6-0D4DFC82200A}"
EndProject
Project("{54A90642-561A-4BB1-A94E-469ADEE60C69}") = "Soe.UI.Test", "Soe.UI.Test\Soe.UI.Test.esproj", "{C41E3110-2BFC-4E21-8660-D8CC4B120449}"
EndProject
Project("{FAE04EC0-301F-11D3-BF4B-00C04F79EFBC}") = "Soe.TestDataGenerator", "Soe.TestDataGenerator\Soe.TestDataGenerator.csproj", "{A1B2C3D4-E5F6-7890-ABCD-EF1234567890}"
EndProject
Global
	GlobalSection(SolutionConfigurationPlatforms) = preSolution
		Debug|Any CPU = Debug|Any CPU
		Debug|x86 = Debug|x86
		Release|Any CPU = Release|Any CPU
		Release|x86 = Release|x86
	EndGlobalSection
	GlobalSection(ProjectConfigurationPlatforms) = postSolution
		{4E57DA3F-FFE5-4F1F-88BC-AD27D55FC726}.Debug|Any CPU.ActiveCfg = Debug|Any CPU
		{4E57DA3F-FFE5-4F1F-88BC-AD27D55FC726}.Debug|Any CPU.Build.0 = Debug|Any CPU
		{4E57DA3F-FFE5-4F1F-88BC-AD27D55FC726}.Debug|x86.ActiveCfg = Debug|Any CPU
		{4E57DA3F-FFE5-4F1F-88BC-AD27D55FC726}.Release|Any CPU.ActiveCfg = Release|Any CPU
		{4E57DA3F-FFE5-4F1F-88BC-AD27D55FC726}.Release|Any CPU.Build.0 = Release|Any CPU
		{4E57DA3F-FFE5-4F1F-88BC-AD27D55FC726}.Release|x86.ActiveCfg = Release|Any CPU
		{AAFBB9F1-A726-4D50-BEEE-ADE46D1F98CE}.Debug|Any CPU.ActiveCfg = Debug|Any CPU
		{AAFBB9F1-A726-4D50-BEEE-ADE46D1F98CE}.Debug|Any CPU.Build.0 = Debug|Any CPU
		{AAFBB9F1-A726-4D50-BEEE-ADE46D1F98CE}.Debug|x86.ActiveCfg = Debug|Any CPU
		{AAFBB9F1-A726-4D50-BEEE-ADE46D1F98CE}.Release|Any CPU.ActiveCfg = Release|Any CPU
		{AAFBB9F1-A726-4D50-BEEE-ADE46D1F98CE}.Release|Any CPU.Build.0 = Release|Any CPU
		{AAFBB9F1-A726-4D50-BEEE-ADE46D1F98CE}.Release|x86.ActiveCfg = Release|Any CPU
		{C6A383FD-CD0C-4745-820C-9478CDF16C61}.Debug|Any CPU.ActiveCfg = Debug|Any CPU
		{C6A383FD-CD0C-4745-820C-9478CDF16C61}.Debug|Any CPU.Build.0 = Debug|Any CPU
		{C6A383FD-CD0C-4745-820C-9478CDF16C61}.Debug|x86.ActiveCfg = Debug|Any CPU
		{C6A383FD-CD0C-4745-820C-9478CDF16C61}.Release|Any CPU.ActiveCfg = Release|Any CPU
		{C6A383FD-CD0C-4745-820C-9478CDF16C61}.Release|Any CPU.Build.0 = Release|Any CPU
		{C6A383FD-CD0C-4745-820C-9478CDF16C61}.Release|x86.ActiveCfg = Release|Any CPU
		{FC32BADF-A856-4F04-AA75-E9C5B949DCD8}.Debug|Any CPU.ActiveCfg = Debug|Any CPU
		{FC32BADF-A856-4F04-AA75-E9C5B949DCD8}.Debug|Any CPU.Build.0 = Debug|Any CPU
		{FC32BADF-A856-4F04-AA75-E9C5B949DCD8}.Debug|x86.ActiveCfg = Debug|Any CPU
		{FC32BADF-A856-4F04-AA75-E9C5B949DCD8}.Release|Any CPU.ActiveCfg = Release|Any CPU
		{FC32BADF-A856-4F04-AA75-E9C5B949DCD8}.Release|Any CPU.Build.0 = Release|Any CPU
		{FC32BADF-A856-4F04-AA75-E9C5B949DCD8}.Release|x86.ActiveCfg = Release|Any CPU
		{BCAAC921-B991-4484-BF43-80EFA8204453}.Debug|Any CPU.ActiveCfg = Debug|Any CPU
		{BCAAC921-B991-4484-BF43-80EFA8204453}.Debug|Any CPU.Build.0 = Debug|Any CPU
		{BCAAC921-B991-4484-BF43-80EFA8204453}.Debug|x86.ActiveCfg = Debug|Any CPU
		{BCAAC921-B991-4484-BF43-80EFA8204453}.Release|Any CPU.ActiveCfg = Release|Any CPU
		{BCAAC921-B991-4484-BF43-80EFA8204453}.Release|Any CPU.Build.0 = Release|Any CPU
		{BCAAC921-B991-4484-BF43-80EFA8204453}.Release|x86.ActiveCfg = Release|Any CPU
		{377CF51B-3510-45A5-97FD-71D03EAD4965}.Debug|Any CPU.ActiveCfg = Debug|Any CPU
		{377CF51B-3510-45A5-97FD-71D03EAD4965}.Debug|Any CPU.Build.0 = Debug|Any CPU
		{377CF51B-3510-45A5-97FD-71D03EAD4965}.Debug|x86.ActiveCfg = Debug|Any CPU
		{377CF51B-3510-45A5-97FD-71D03EAD4965}.Release|Any CPU.ActiveCfg = Release|Any CPU
		{377CF51B-3510-45A5-97FD-71D03EAD4965}.Release|Any CPU.Build.0 = Release|Any CPU
		{377CF51B-3510-45A5-97FD-71D03EAD4965}.Release|x86.ActiveCfg = Release|Any CPU
		{0D047C02-5674-4771-99FF-EBD3D3985C80}.Debug|Any CPU.ActiveCfg = Debug|Any CPU
		{0D047C02-5674-4771-99FF-EBD3D3985C80}.Debug|Any CPU.Build.0 = Debug|Any CPU
		{0D047C02-5674-4771-99FF-EBD3D3985C80}.Debug|Any CPU.Deploy.0 = Debug|Any CPU
		{0D047C02-5674-4771-99FF-EBD3D3985C80}.Debug|x86.ActiveCfg = Debug|Any CPU
		{0D047C02-5674-4771-99FF-EBD3D3985C80}.Release|Any CPU.ActiveCfg = Release|Any CPU
		{0D047C02-5674-4771-99FF-EBD3D3985C80}.Release|Any CPU.Build.0 = Release|Any CPU
		{0D047C02-5674-4771-99FF-EBD3D3985C80}.Release|x86.ActiveCfg = Release|Any CPU
		{A8762452-508A-407D-946A-3144F2DA2D92}.Debug|Any CPU.ActiveCfg = Debug|Any CPU
		{A8762452-508A-407D-946A-3144F2DA2D92}.Debug|Any CPU.Build.0 = Debug|Any CPU
		{A8762452-508A-407D-946A-3144F2DA2D92}.Debug|x86.ActiveCfg = Debug|Any CPU
		{A8762452-508A-407D-946A-3144F2DA2D92}.Release|Any CPU.ActiveCfg = Release|Any CPU
		{A8762452-508A-407D-946A-3144F2DA2D92}.Release|Any CPU.Build.0 = Release|Any CPU
		{A8762452-508A-407D-946A-3144F2DA2D92}.Release|x86.ActiveCfg = Release|Any CPU
		{8493A88E-C8B3-43F7-8A4E-20A3169C9065}.Debug|Any CPU.ActiveCfg = Debug|Any CPU
		{8493A88E-C8B3-43F7-8A4E-20A3169C9065}.Debug|Any CPU.Build.0 = Debug|Any CPU
		{8493A88E-C8B3-43F7-8A4E-20A3169C9065}.Debug|x86.ActiveCfg = Debug|Any CPU
		{8493A88E-C8B3-43F7-8A4E-20A3169C9065}.Debug|x86.Build.0 = Debug|Any CPU
		{8493A88E-C8B3-43F7-8A4E-20A3169C9065}.Release|Any CPU.ActiveCfg = Release|Any CPU
		{8493A88E-C8B3-43F7-8A4E-20A3169C9065}.Release|Any CPU.Build.0 = Release|Any CPU
		{8493A88E-C8B3-43F7-8A4E-20A3169C9065}.Release|x86.ActiveCfg = Release|Any CPU
		{8493A88E-C8B3-43F7-8A4E-20A3169C9065}.Release|x86.Build.0 = Release|Any CPU
		{2E13E0A9-C3C1-40FB-856B-655E06549D7E}.Debug|Any CPU.ActiveCfg = Debug|Any CPU
		{2E13E0A9-C3C1-40FB-856B-655E06549D7E}.Debug|Any CPU.Build.0 = Debug|Any CPU
		{2E13E0A9-C3C1-40FB-856B-655E06549D7E}.Debug|x86.ActiveCfg = Debug|Any CPU
		{2E13E0A9-C3C1-40FB-856B-655E06549D7E}.Debug|x86.Build.0 = Debug|Any CPU
		{2E13E0A9-C3C1-40FB-856B-655E06549D7E}.Release|Any CPU.ActiveCfg = Release|Any CPU
		{2E13E0A9-C3C1-40FB-856B-655E06549D7E}.Release|Any CPU.Build.0 = Release|Any CPU
		{2E13E0A9-C3C1-40FB-856B-655E06549D7E}.Release|x86.ActiveCfg = Release|Any CPU
		{2E13E0A9-C3C1-40FB-856B-655E06549D7E}.Release|x86.Build.0 = Release|Any CPU
		{C82AAEFC-9763-4B3A-9E05-D51086468194}.Debug|Any CPU.ActiveCfg = Debug|Any CPU
		{C82AAEFC-9763-4B3A-9E05-D51086468194}.Debug|Any CPU.Build.0 = Debug|Any CPU
		{C82AAEFC-9763-4B3A-9E05-D51086468194}.Debug|x86.ActiveCfg = Debug|Any CPU
		{C82AAEFC-9763-4B3A-9E05-D51086468194}.Debug|x86.Build.0 = Debug|Any CPU
		{C82AAEFC-9763-4B3A-9E05-D51086468194}.Release|Any CPU.ActiveCfg = Release|Any CPU
		{C82AAEFC-9763-4B3A-9E05-D51086468194}.Release|Any CPU.Build.0 = Release|Any CPU
		{C82AAEFC-9763-4B3A-9E05-D51086468194}.Release|x86.ActiveCfg = Release|Any CPU
		{C82AAEFC-9763-4B3A-9E05-D51086468194}.Release|x86.Build.0 = Release|Any CPU
		{6826069A-7522-491C-8A74-8592FEB4C5B6}.Debug|Any CPU.ActiveCfg = Debug|Any CPU
		{6826069A-7522-491C-8A74-8592FEB4C5B6}.Debug|Any CPU.Build.0 = Debug|Any CPU
		{6826069A-7522-491C-8A74-8592FEB4C5B6}.Debug|x86.ActiveCfg = Debug|Any CPU
		{6826069A-7522-491C-8A74-8592FEB4C5B6}.Debug|x86.Build.0 = Debug|Any CPU
		{6826069A-7522-491C-8A74-8592FEB4C5B6}.Release|Any CPU.ActiveCfg = Release|Any CPU
		{6826069A-7522-491C-8A74-8592FEB4C5B6}.Release|Any CPU.Build.0 = Release|Any CPU
		{6826069A-7522-491C-8A74-8592FEB4C5B6}.Release|x86.ActiveCfg = Release|Any CPU
		{6826069A-7522-491C-8A74-8592FEB4C5B6}.Release|x86.Build.0 = Release|Any CPU
		{5BFB5161-5073-4592-94F8-4C6C801A1EB7}.Debug|Any CPU.ActiveCfg = Debug|Any CPU
		{5BFB5161-5073-4592-94F8-4C6C801A1EB7}.Debug|Any CPU.Build.0 = Debug|Any CPU
		{5BFB5161-5073-4592-94F8-4C6C801A1EB7}.Debug|x86.ActiveCfg = Debug|Any CPU
		{5BFB5161-5073-4592-94F8-4C6C801A1EB7}.Debug|x86.Build.0 = Debug|Any CPU
		{5BFB5161-5073-4592-94F8-4C6C801A1EB7}.Release|Any CPU.ActiveCfg = Release|Any CPU
		{5BFB5161-5073-4592-94F8-4C6C801A1EB7}.Release|Any CPU.Build.0 = Release|Any CPU
		{5BFB5161-5073-4592-94F8-4C6C801A1EB7}.Release|x86.ActiveCfg = Release|Any CPU
		{5BFB5161-5073-4592-94F8-4C6C801A1EB7}.Release|x86.Build.0 = Release|Any CPU
		{A7DC9CAE-41BD-4C6B-9DB6-0D4DFC82200A}.Debug|Any CPU.ActiveCfg = Debug|Any CPU
		{A7DC9CAE-41BD-4C6B-9DB6-0D4DFC82200A}.Debug|Any CPU.Build.0 = Debug|Any CPU
		{A7DC9CAE-41BD-4C6B-9DB6-0D4DFC82200A}.Debug|x86.ActiveCfg = Debug|Any CPU
		{A7DC9CAE-41BD-4C6B-9DB6-0D4DFC82200A}.Debug|x86.Build.0 = Debug|Any CPU
		{A7DC9CAE-41BD-4C6B-9DB6-0D4DFC82200A}.Release|Any CPU.ActiveCfg = Release|Any CPU
		{A7DC9CAE-41BD-4C6B-9DB6-0D4DFC82200A}.Release|Any CPU.Build.0 = Release|Any CPU
		{A7DC9CAE-41BD-4C6B-9DB6-0D4DFC82200A}.Release|x86.ActiveCfg = Release|Any CPU
		{A7DC9CAE-41BD-4C6B-9DB6-0D4DFC82200A}.Release|x86.Build.0 = Release|Any CPU
		{C41E3110-2BFC-4E21-8660-D8CC4B120449}.Debug|Any CPU.ActiveCfg = Debug|Any CPU
		{C41E3110-2BFC-4E21-8660-D8CC4B120449}.Debug|x86.ActiveCfg = Debug|Any CPU
		{C41E3110-2BFC-4E21-8660-D8CC4B120449}.Debug|x86.Build.0 = Debug|Any CPU
		{C41E3110-2BFC-4E21-8660-D8CC4B120449}.Release|Any CPU.ActiveCfg = Release|Any CPU
		{C41E3110-2BFC-4E21-8660-D8CC4B120449}.Release|Any CPU.Build.0 = Release|Any CPU
		{C41E3110-2BFC-4E21-8660-D8CC4B120449}.Release|x86.ActiveCfg = Release|Any CPU
		{C41E3110-2BFC-4E21-8660-D8CC4B120449}.Release|x86.Build.0 = Release|Any CPU
		{A1B2C3D4-E5F6-7890-ABCD-EF1234567890}.Debug|Any CPU.ActiveCfg = Debug|Any CPU
		{A1B2C3D4-E5F6-7890-ABCD-EF1234567890}.Debug|Any CPU.Build.0 = Debug|Any CPU
		{A1B2C3D4-E5F6-7890-ABCD-EF1234567890}.Debug|x86.ActiveCfg = Debug|Any CPU
		{A1B2C3D4-E5F6-7890-ABCD-EF1234567890}.Debug|x86.Build.0 = Debug|Any CPU
		{A1B2C3D4-E5F6-7890-ABCD-EF1234567890}.Release|Any CPU.ActiveCfg = Release|Any CPU
		{A1B2C3D4-E5F6-7890-ABCD-EF1234567890}.Release|Any CPU.Build.0 = Release|Any CPU
		{A1B2C3D4-E5F6-7890-ABCD-EF1234567890}.Release|x86.ActiveCfg = Release|Any CPU
		{A1B2C3D4-E5F6-7890-ABCD-EF1234567890}.Release|x86.Build.0 = Release|Any CPU
	EndGlobalSection
	GlobalSection(SolutionProperties) = preSolution
		HideSolutionNode = FALSE
	EndGlobalSection
	GlobalSection(NestedProjects) = preSolution
		{377CF51B-3510-45A5-97FD-71D03EAD4965} = {91E368CF-2F90-47F6-A1F1-962D1FE87A17}
		{6826069A-7522-491C-8A74-8592FEB4C5B6} = {91E368CF-2F90-47F6-A1F1-962D1FE87A17}
		{A7DC9CAE-41BD-4C6B-9DB6-0D4DFC82200A} = {91E368CF-2F90-47F6-A1F1-962D1FE87A17}
		{C41E3110-2BFC-4E21-8660-D8CC4B120449} = {91E368CF-2F90-47F6-A1F1-962D1FE87A17}
		{A1B2C3D4-E5F6-7890-ABCD-EF1234567890} = {91E368CF-2F90-47F6-A1F1-962D1FE87A17}
	EndGlobalSection
	GlobalSection(ExtensibilityGlobals) = postSolution
		SolutionGuid = {4D419C38-A5D7-47F3-9C31-51F0A4572BBA}
	EndGlobalSection
	GlobalSection(TestCaseManagementSettings) = postSolution
		CategoryFile = Soe.vsmdi
	EndGlobalSection
EndGlobal
