
Microsoft Visual Studio Solution File, Format Version 12.00
# Visual Studio Version 17
VisualStudioVersion = 17.5.002.0
MinimumVisualStudioVersion = 10.0.40219.1
Project("{9A19103F-16F7-4668-BE54-9A1E7A4F7556}") = "Soe.Angular.Spa", "Soe.Angular.Spa.csproj", "{7BD4B891-E269-4F0D-951F-A0B712E8A0AD}"
EndProject
Global
	GlobalSection(SolutionConfigurationPlatforms) = preSolution
		Debug|Any CPU = Debug|Any CPU
		Release|Any CPU = Release|Any CPU
	EndGlobalSection
	GlobalSection(ProjectConfigurationPlatforms) = postSolution
		{7BD4B891-E269-4F0D-951F-A0B712E8A0AD}.Debug|Any CPU.ActiveCfg = Debug|Any CPU
		{7BD4B891-E269-4F0D-951F-A0B712E8A0AD}.Debug|Any CPU.Build.0 = Debug|Any CPU
		{7BD4B891-E269-4F0D-951F-A0B712E8A0AD}.Release|Any CPU.ActiveCfg = Release|Any CPU
		{7BD4B891-E269-4F0D-951F-A0B712E8A0AD}.Release|Any CPU.Build.0 = Release|Any CPU
	EndGlobalSection
	GlobalSection(SolutionProperties) = preSolution
		HideSolutionNode = FALSE
	EndGlobalSection
	GlobalSection(ExtensibilityGlobals) = postSolution
		SolutionGuid = {CFE81A02-8C06-4FBB-869C-CE00366CCFAA}
	EndGlobalSection
EndGlobal
